<?xml version="1.0" encoding="utf-8"?>
<Project ToolsVersion="4.0" xmlns="http://schemas.microsoft.com/developer/msbuild/2003">
  <ItemGroup>
    <Filter Include="Source Files">
      <UniqueIdentifier>{4FC737F1-C7A5-4376-A066-2A32D752A2FF}</UniqueIdentifier>
      <Extensions>cpp;c;cc;cxx;def;odl;idl;hpj;bat;asm;asmx</Extensions>
    </Filter>
    <Filter Include="Header Files">
      <UniqueIdentifier>{93995380-89BD-4b04-88EB-625FBE52EBFB}</UniqueIdentifier>
      <Extensions>h;hpp;hxx;hm;inl;inc;xsd</Extensions>
    </Filter>
    <Filter Include="Entity">
      <UniqueIdentifier>{537cf218-30bd-47cc-9a2e-d7d5c6ac1280}</UniqueIdentifier>
    </Filter>
    <Filter Include="Lua">
      <UniqueIdentifier>{f84271ef-0349-4ed5-85fe-66fa029a0337}</UniqueIdentifier>
    </Filter>
    <Filter Include="Scenes">
      <UniqueIdentifier>{315bd604-976e-43bc-ab24-cdffb3e00053}</UniqueIdentifier>
    </Filter>
    <Filter Include="Animation">
      <UniqueIdentifier>{487b8ecc-d3e3-40d9-8489-e6ca2d6aac00}</UniqueIdentifier>
    </Filter>
    <Filter Include="Party">
      <UniqueIdentifier>{437c1307-69d9-474a-a5c4-f418d3c19ac9}</UniqueIdentifier>
    </Filter>
    <Filter Include="Party\Character">
      <UniqueIdentifier>{8e507de7-53af-4485-9522-12e2c9f051bf}</UniqueIdentifier>
    </Filter>
  </ItemGroup>
  <ItemGroup>
    <ClCompile Include="Source\Application.cpp">
      <Filter>Source Files</Filter>
    </ClCompile>
    <ClCompile Include="Source\main.cpp">
      <Filter>Source Files</Filter>
    </ClCompile>
    <ClCompile Include="Source\FPSCamera.cpp">
      <Filter>Source Files</Filter>
    </ClCompile>
    <ClCompile Include="Source\OBJMesh.cpp">
      <Filter>Source Files</Filter>
    </ClCompile>
    <ClCompile Include="Source\Light.cpp">
      <Filter>Source Files</Filter>
    </ClCompile>
    <ClCompile Include="Source\Lua\LuaInterface.cpp">
      <Filter>Lua</Filter>
    </ClCompile>
    <ClCompile Include="Source\Entity\EntityFactory.cpp">
      <Filter>Entity</Filter>
    </ClCompile>
    <ClCompile Include="Source\Entity\EntityManager.cpp">
      <Filter>Entity</Filter>
    </ClCompile>
    <ClCompile Include="Source\Entity\SpriteEntity.cpp">
      <Filter>Entity</Filter>
    </ClCompile>
    <ClCompile Include="Source\Entity\TextEntity.cpp">
      <Filter>Entity</Filter>
    </ClCompile>
    <ClCompile Include="Source\Animation\Animation.cpp">
      <Filter>Animation</Filter>
    </ClCompile>
    <ClCompile Include="Source\Animation\Animator.cpp">
      <Filter>Animation</Filter>
    </ClCompile>
    <ClCompile Include="Source\Entity\Entity2D.cpp">
      <Filter>Entity</Filter>
    </ClCompile>
    <ClCompile Include="Source\Entity\AssetEntity.cpp">
      <Filter>Entity</Filter>
    </ClCompile>
    <ClCompile Include="Source\Scenes\SkillTreeScene.cpp">
      <Filter>Scenes</Filter>
    </ClCompile>
    <ClCompile Include="Source\Scenes\IntroState.cpp">
      <Filter>Scenes</Filter>
    </ClCompile>
    <ClCompile Include="Source\Party\PartySystem.cpp">
      <Filter>Party</Filter>
    </ClCompile>
    <ClCompile Include="Source\Player\Player.cpp">
      <Filter>Source Files</Filter>
    </ClCompile>
  </ItemGroup>
  <ItemGroup>
    <ClInclude Include="Source\Application.h">
      <Filter>Header Files</Filter>
    </ClInclude>
    <ClInclude Include="Source\FPSCamera.h">
      <Filter>Header Files</Filter>
    </ClInclude>
    <ClInclude Include="Source\OBJMesh.h">
      <Filter>Header Files</Filter>
    </ClInclude>
    <ClInclude Include="Source\Light.h">
      <Filter>Header Files</Filter>
    </ClInclude>
    <ClInclude Include="Source\Lua\LuaInterface.h">
      <Filter>Lua</Filter>
    </ClInclude>
    <ClInclude Include="Source\Entity\EntityFactory.h">
      <Filter>Entity</Filter>
    </ClInclude>
    <ClInclude Include="Source\Entity\EntityManager.h">
      <Filter>Entity</Filter>
    </ClInclude>
    <ClInclude Include="Source\Entity\SpriteEntity.h">
      <Filter>Entity</Filter>
    </ClInclude>
    <ClInclude Include="Source\Entity\TextEntity.h">
      <Filter>Entity</Filter>
    </ClInclude>
    <ClInclude Include="Source\Animation\Animation.h">
      <Filter>Animation</Filter>
    </ClInclude>
    <ClInclude Include="Source\Animation\Animator.h">
      <Filter>Animation</Filter>
    </ClInclude>
    <ClInclude Include="Source\Entity\Entity2D.h">
      <Filter>Entity</Filter>
    </ClInclude>
    <ClInclude Include="Source\Entity\AssetEntity.h">
      <Filter>Entity</Filter>
    </ClInclude>
    <ClInclude Include="Source\Scenes\SkillTreeScene.h">
      <Filter>Scenes</Filter>
    </ClInclude>
    <ClInclude Include="Source\Scenes\IntroState.h">
      <Filter>Scenes</Filter>
    </ClInclude>
    <ClInclude Include="Source\Character\CharacterInfo.h">
      <Filter>Party\Character</Filter>
    </ClInclude>
    <ClInclude Include="Source\Character\Stat.h">
      <Filter>Party\Character</Filter>
    </ClInclude>
    <ClInclude Include="Source\Party\PartySystem.h">
      <Filter>Party</Filter>
    </ClInclude>
    <ClInclude Include="Source\Player\Player.h">
      <Filter>Header Files</Filter>
    </ClInclude>
  </ItemGroup>
</Project>