<?xml version="1.0" encoding="utf-8"?>
<Project ToolsVersion="4.0" xmlns="http://schemas.microsoft.com/developer/msbuild/2003">
  <ItemGroup>
    <ClCompile Include="Source\Animation\Animation.cpp">
      <Filter>Animation</Filter>
    </ClCompile>
    <ClCompile Include="Source\Animation\Animator.cpp">
      <Filter>Animation</Filter>
    </ClCompile>
    <ClCompile Include="Source\Entity\AssetEntity.cpp">
      <Filter>Entity</Filter>
    </ClCompile>
    <ClCompile Include="Source\Entity\BattleEntity.cpp">
      <Filter>Entity</Filter>
    </ClCompile>
    <ClCompile Include="Source\Items\Consumable.cpp">
      <Filter>Items</Filter>
    </ClCompile>
    <ClCompile Include="Source\Entity\Entity2D.cpp">
      <Filter>Entity</Filter>
    </ClCompile>
    <ClCompile Include="Source\Entity\EntityFactory.cpp">
      <Filter>Entity</Filter>
    </ClCompile>
    <ClCompile Include="Source\Entity\EntityManager.cpp">
      <Filter>Entity</Filter>
    </ClCompile>
    <ClCompile Include="Source\Scenes\IntroState.cpp">
      <Filter>Scenes</Filter>
    </ClCompile>
    <ClCompile Include="Source\Items\Item.cpp">
      <Filter>Items</Filter>
    </ClCompile>
    <ClCompile Include="Source\Lua\LuaInterface.cpp">
      <Filter>Lua</Filter>
    </ClCompile>
    <ClCompile Include="Source\Application.cpp">
      <Filter>Main</Filter>
    </ClCompile>
    <ClCompile Include="Source\FPSCamera.cpp">
      <Filter>Main</Filter>
    </ClCompile>
    <ClCompile Include="Source\Light.cpp">
      <Filter>Main</Filter>
    </ClCompile>
    <ClCompile Include="Source\main.cpp">
      <Filter>Main</Filter>
    </ClCompile>
    <ClCompile Include="Source\OBJMesh.cpp">
      <Filter>Main</Filter>
    </ClCompile>
    <ClCompile Include="Source\Scenes\SkillTreeScene.cpp">
      <Filter>Skills</Filter>
    </ClCompile>
    <ClCompile Include="Source\Entity\SpriteEntity.cpp">
      <Filter>Entity</Filter>
    </ClCompile>
    <ClCompile Include="Source\Entity\TextEntity.cpp">
      <Filter>Entity</Filter>
    </ClCompile>
    <ClCompile Include="Source\Party\PartySystem.cpp">
      <Filter>Player</Filter>
    </ClCompile>
    <ClCompile Include="Source\Player\Player.cpp">
      <Filter>Player</Filter>
    </ClCompile>
    <ClCompile Include="Source\Menu\Button.cpp">
      <Filter>Menu</Filter>
    </ClCompile>
    <ClCompile Include="Source\Menu\Menu.cpp">
      <Filter>Menu</Filter>
    </ClCompile>
    <ClCompile Include="Source\Scenes\BattleState.cpp">
      <Filter>Scenes</Filter>
    </ClCompile>
    <ClCompile Include="Source\Camera.cpp">
      <Filter>Main</Filter>
    </ClCompile>
    <ClCompile Include="Source\Items\Inventory.cpp">
      <Filter>Items</Filter>
    </ClCompile>
    <ClCompile Include="Source\Items\Equipment.cpp">
      <Filter>Items</Filter>
    </ClCompile>
    <ClCompile Include="Source\Scenes\ShopScene.cpp">
      <Filter>Scenes</Filter>
    </ClCompile>
    <ClCompile Include="Source\Overworld\CameraFollow.cpp">
      <Filter>Overworld</Filter>
    </ClCompile>
    <ClCompile Include="Source\Battle\BattleSystem.cpp">
      <Filter>BattleSystem</Filter>
    </ClCompile>
    <ClCompile Include="Source\Entity\ParticleEntity.cpp">
      <Filter>Entity</Filter>
    </ClCompile>
    <ClCompile Include="Source\SpatialPartition\Grid.cpp">
      <Filter>SpatialPartition</Filter>
    </ClCompile>
    <ClCompile Include="Source\SpatialPartition\SpatialPartition.cpp">
      <Filter>SpatialPartition</Filter>
    </ClCompile>
    <ClCompile Include="Source\Animation\AnimationsContainer.cpp">
      <Filter>Animation</Filter>
    </ClCompile>
    <ClCompile Include="Source\BattleLog.cpp">
      <Filter>BattleSystem</Filter>
    </ClCompile>
    <ClCompile Include="Source\EnemyAI.cpp">
      <Filter>BattleSystem</Filter>
    </ClCompile>
    <ClCompile Include="Source\Battle\MonsterFactory.cpp">
      <Filter>BattleSystem</Filter>
    </ClCompile>
    <ClCompile Include="Source\Battle\Enemy.cpp">
      <Filter>BattleSystem</Filter>
    </ClCompile>
    <ClCompile Include="Source\Skills\Skill.cpp">
      <Filter>Skills</Filter>
    </ClCompile>
    <ClCompile Include="Source\Skills\SkillFunctions.cpp">
      <Filter>Skills</Filter>
    </ClCompile>
    <ClCompile Include="Source\Scenes\DialogueScene.cpp">
      <Filter>Scenes</Filter>
    </ClCompile>
    <ClCompile Include="Source\Overworld\OverworldAsset.cpp">
      <Filter>Overworld\Entity</Filter>
    </ClCompile>
    <ClCompile Include="Source\Overworld\OverworldEntity.cpp">
      <Filter>Overworld\Entity</Filter>
    </ClCompile>
    <ClCompile Include="Source\Overworld\NPC.cpp">
      <Filter>Overworld\Entity</Filter>
    </ClCompile>
    <ClCompile Include="Source\Overworld\Overworld.cpp">
      <Filter>Overworld\World</Filter>
    </ClCompile>
    <ClCompile Include="Source\Overworld\OverworldPlayer.cpp">
      <Filter>Overworld\Entity</Filter>
    </ClCompile>
    <ClCompile Include="Source\Entity\SkyBoxEntity.cpp">
      <Filter>Entity</Filter>
    </ClCompile>
    <ClCompile Include="Source\Overworld\TriggerArea.cpp">
      <Filter>Overworld\Entity\TriggerAreas</Filter>
    </ClCompile>
    <ClCompile Include="Source\Overworld\TriggerScene.cpp">
      <Filter>Overworld\Entity\TriggerAreas</Filter>
    </ClCompile>
    <ClCompile Include="Source\Overworld\TriggerDialogue.cpp">
      <Filter>Overworld\Entity\TriggerAreas</Filter>
    </ClCompile>
    <ClCompile Include="Source\Overworld\OverworldBase.cpp">
      <Filter>Overworld\World</Filter>
    </ClCompile>
    <ClCompile Include="Source\Overworld\Town.cpp">
      <Filter>Overworld\World</Filter>
    </ClCompile>
    <ClCompile Include="Source\Overworld\TownShop.cpp">
      <Filter>Overworld\World</Filter>
    </ClCompile>
    <ClCompile Include="Source\Overworld\StaticAsset.cpp" />
    <ClCompile Include="Source\Scenes\ShopDialogueScene.cpp">
      <Filter>Scenes</Filter>
    </ClCompile>
  </ItemGroup>
  <ItemGroup>
    <ClInclude Include="Source\Animation\Animator.h">
      <Filter>Animation</Filter>
    </ClInclude>
    <ClInclude Include="Source\Animation\Animation.h">
      <Filter>Animation</Filter>
    </ClInclude>
    <ClInclude Include="Source\Entity\AssetEntity.h">
      <Filter>Entity</Filter>
    </ClInclude>
    <ClInclude Include="Source\Entity\BattleEntity.h">
      <Filter>Entity</Filter>
    </ClInclude>
    <ClInclude Include="Source\Character\CharacterInfo.h">
      <Filter>Character</Filter>
    </ClInclude>
    <ClInclude Include="Source\Items\Consumable.h">
      <Filter>Items</Filter>
    </ClInclude>
    <ClInclude Include="Source\Entity\Entity2D.h">
      <Filter>Entity</Filter>
    </ClInclude>
    <ClInclude Include="Source\Entity\EntityFactory.h">
      <Filter>Entity</Filter>
    </ClInclude>
    <ClInclude Include="Source\Entity\EntityManager.h">
      <Filter>Entity</Filter>
    </ClInclude>
    <ClInclude Include="Source\Scenes\IntroState.h">
      <Filter>Scenes</Filter>
    </ClInclude>
    <ClInclude Include="Source\Items\Item.h">
      <Filter>Items</Filter>
    </ClInclude>
    <ClInclude Include="Source\Lua\LuaInterface.h">
      <Filter>Lua</Filter>
    </ClInclude>
    <ClInclude Include="Source\Application.h">
      <Filter>Main</Filter>
    </ClInclude>
    <ClInclude Include="Source\FPSCamera.h">
      <Filter>Main</Filter>
    </ClInclude>
    <ClInclude Include="Source\Light.h">
      <Filter>Main</Filter>
    </ClInclude>
    <ClInclude Include="Source\OBJMesh.h">
      <Filter>Main</Filter>
    </ClInclude>
    <ClInclude Include="Source\Scenes\SkillTreeScene.h">
      <Filter>Skills</Filter>
    </ClInclude>
    <ClInclude Include="Source\Entity\SpriteEntity.h">
      <Filter>Entity</Filter>
    </ClInclude>
    <ClInclude Include="Source\Character\Stat.h">
      <Filter>Character</Filter>
    </ClInclude>
    <ClInclude Include="Source\Entity\TextEntity.h">
      <Filter>Entity</Filter>
    </ClInclude>
    <ClInclude Include="Source\Party\PartySystem.h">
      <Filter>Player</Filter>
    </ClInclude>
    <ClInclude Include="Source\Player\Player.h">
      <Filter>Player</Filter>
    </ClInclude>
    <ClInclude Include="Source\Menu\Button.h">
      <Filter>Menu</Filter>
    </ClInclude>
    <ClInclude Include="Source\Menu\Menu.h">
      <Filter>Menu</Filter>
    </ClInclude>
    <ClInclude Include="Source\Scenes\BattleState.h">
      <Filter>Scenes</Filter>
    </ClInclude>
    <ClInclude Include="Source\Camera.h">
      <Filter>Main</Filter>
    </ClInclude>
    <ClInclude Include="Source\Items\Inventory.h">
      <Filter>Items</Filter>
    </ClInclude>
    <ClInclude Include="Source\Items\Equipment.h">
      <Filter>Items</Filter>
    </ClInclude>
    <ClInclude Include="Source\Scenes\ShopScene.h">
      <Filter>Scenes</Filter>
    </ClInclude>
    <ClInclude Include="Source\Overworld\CameraFollow.h">
      <Filter>Overworld</Filter>
    </ClInclude>
    <ClInclude Include="Source\Battle\BattleSystem.h">
      <Filter>BattleSystem</Filter>
    </ClInclude>
    <ClInclude Include="Source\Entity\ParticleEntity.h">
      <Filter>Entity</Filter>
    </ClInclude>
    <ClInclude Include="Source\SpatialPartition\Grid.h">
      <Filter>SpatialPartition</Filter>
    </ClInclude>
    <ClInclude Include="Source\SpatialPartition\SpatialPartition.h">
      <Filter>SpatialPartition</Filter>
    </ClInclude>
    <ClInclude Include="Source\Animation\AnimationsContainer.h">
      <Filter>Animation</Filter>
    </ClInclude>
    <ClInclude Include="Source\BattleLog.h">
      <Filter>BattleSystem</Filter>
    </ClInclude>
    <ClInclude Include="Source\EnemyAI.h">
      <Filter>BattleSystem</Filter>
    </ClInclude>
    <ClInclude Include="Source\Battle\MonsterFactory.h">
      <Filter>BattleSystem</Filter>
    </ClInclude>
    <ClInclude Include="Source\Battle\Enemy.h">
      <Filter>BattleSystem</Filter>
    </ClInclude>
    <ClInclude Include="Source\Skills\Skill.h">
      <Filter>Skills</Filter>
    </ClInclude>
    <ClInclude Include="Source\Skills\SkillFunctions.h">
      <Filter>Skills</Filter>
    </ClInclude>
    <ClInclude Include="Source\Scenes\DialogueScene.h">
      <Filter>Scenes</Filter>
    </ClInclude>
    <ClInclude Include="Source\Overworld\OverworldEntity.h">
      <Filter>Overworld\Entity</Filter>
    </ClInclude>
    <ClInclude Include="Source\Overworld\OverworldAsset.h">
      <Filter>Overworld\Entity</Filter>
    </ClInclude>
    <ClInclude Include="Source\Overworld\NPC.h">
      <Filter>Overworld\Entity</Filter>
    </ClInclude>
    <ClInclude Include="Source\Overworld\Overworld.h">
      <Filter>Overworld\World</Filter>
    </ClInclude>
    <ClInclude Include="Source\Overworld\OverworldPlayer.h">
      <Filter>Overworld\Entity</Filter>
    </ClInclude>
    <ClInclude Include="Source\Menu\GUIObject.h">
      <Filter>Menu</Filter>
    </ClInclude>
    <ClInclude Include="Source\Entity\SkyBoxEntity.h">
      <Filter>Entity</Filter>
    </ClInclude>
    <ClInclude Include="Source\Overworld\TriggerArea.h">
      <Filter>Overworld\Entity\TriggerAreas</Filter>
    </ClInclude>
    <ClInclude Include="Source\Overworld\TriggerScene.h">
      <Filter>Overworld\Entity\TriggerAreas</Filter>
    </ClInclude>
    <ClInclude Include="Source\Overworld\TriggerDialogue.h">
      <Filter>Overworld\Entity\TriggerAreas</Filter>
    </ClInclude>
    <ClInclude Include="Source\Overworld\OverworldBase.h">
      <Filter>Overworld\World</Filter>
    </ClInclude>
    <ClInclude Include="Source\Overworld\TownShop.h">
      <Filter>Overworld\World</Filter>
    </ClInclude>
    <ClInclude Include="Source\Overworld\StaticAsset.h" />
    <ClInclude Include="Source\Overworld\Town.h">
      <Filter>Overworld\World</Filter>
    </ClInclude>
    <ClInclude Include="Source\Character\InfoBase.h">
      <Filter>Character</Filter>
    </ClInclude>
    <ClInclude Include="Source\Scenes\ShopDialogueScene.h">
      <Filter>Scenes</Filter>
    </ClInclude>
  </ItemGroup>
  <ItemGroup>
    <Filter Include="Animation">
      <UniqueIdentifier>{24dda156-6062-46b7-824e-be05486d2e96}</UniqueIdentifier>
    </Filter>
    <Filter Include="Entity">
      <UniqueIdentifier>{884f50b8-114d-48f7-83bf-0125d53e5b98}</UniqueIdentifier>
    </Filter>
    <Filter Include="Character">
      <UniqueIdentifier>{00c9b98c-fec6-485c-a9b3-f87a6c495bc4}</UniqueIdentifier>
    </Filter>
    <Filter Include="Items">
      <UniqueIdentifier>{fc2f7f90-1c09-4cfe-8085-ad0da5f7b058}</UniqueIdentifier>
    </Filter>
    <Filter Include="Scenes">
      <UniqueIdentifier>{b76fbe66-ab65-4043-a9a7-9fb2961d006c}</UniqueIdentifier>
    </Filter>
    <Filter Include="Lua">
      <UniqueIdentifier>{d123b636-b691-458a-adc1-8121fc503742}</UniqueIdentifier>
    </Filter>
    <Filter Include="Main">
      <UniqueIdentifier>{bec4556f-0a4e-4e6f-95d1-7358cd335c00}</UniqueIdentifier>
    </Filter>
    <Filter Include="Skills">
      <UniqueIdentifier>{0e252905-0f64-4fa9-801c-0a016baf948b}</UniqueIdentifier>
    </Filter>
    <Filter Include="Player">
      <UniqueIdentifier>{30ef3d00-559c-4bc7-be35-ed472f892f56}</UniqueIdentifier>
    </Filter>
    <Filter Include="Menu">
      <UniqueIdentifier>{8d06bd55-380e-4fdc-a526-80e6b842d7f4}</UniqueIdentifier>
    </Filter>
    <Filter Include="Overworld">
      <UniqueIdentifier>{6ece08dd-a50a-467e-82e2-2cd1593d3f9d}</UniqueIdentifier>
    </Filter>
    <Filter Include="BattleSystem">
      <UniqueIdentifier>{f485caba-f763-47fa-9f37-1175902a133f}</UniqueIdentifier>
    </Filter>
    <Filter Include="SpatialPartition">
      <UniqueIdentifier>{a436bfdf-5f1b-45be-9db1-94d9976d0a66}</UniqueIdentifier>
    </Filter>
    <Filter Include="Overworld\Entity">
      <UniqueIdentifier>{fb1e59fd-b906-4dc8-8b49-ce3542753a56}</UniqueIdentifier>
    </Filter>
    <Filter Include="Overworld\World">
      <UniqueIdentifier>{3b98fd1f-0fa6-4d6e-b99f-2118229b829d}</UniqueIdentifier>
    </Filter>
    <Filter Include="Overworld\Entity\TriggerAreas">
      <UniqueIdentifier>{85e2a74a-dfba-471b-be09-52eac65ed24e}</UniqueIdentifier>
    </Filter>
  </ItemGroup>
</Project>